
Microsoft Visual Studio Solution File, Format Version 12.00
# Visual Studio 15
VisualStudioVersion = 15.0.28307.705
MinimumVisualStudioVersion = 10.0.40219.1
Project("{8BC9CEB8-8B4A-11D0-8D11-00A0C91BC942}") = "Mineorama", "Mineorama\Mineorama.vcxproj", "{FD4163B3-0042-4700-9347-6C67EA4CD244}"
EndProject
Project("{8BC9CEB8-8B4A-11D0-8D11-00A0C91BC942}") = "LevelDB", "LevelDB\LevelDB.vcxproj", "{C34F88E0-BC0B-47D7-8620-E77E0591745C}"
EndProject
Project("{8BC9CEB8-8B4A-11D0-8D11-00A0C91BC942}") = "nbt", "nbt\nbt.vcxproj", "{182965E1-6FE1-462E-98A4-65C2D5F3503A}"
EndProject
Project("{8BC9CEB8-8B4A-11D0-8D11-00A0C91BC942}") = "png", "png\png.vcxproj", "{A1F38ECD-1ECE-466D-AFD8-A9B752AAC609}"
EndProject
Project("{8BC9CEB8-8B4A-11D0-8D11-00A0C91BC942}") = "zlib", "zlib\zlib.vcxproj", "{001E6CB1-0AB4-4C96-B540-468191D879C7}"
EndProject
Project("{8BC9CEB8-8B4A-11D0-8D11-00A0C91BC942}") = "json", "json\json.vcxproj", "{C0C89693-B9F5-438B-9DB7-20A8A1CD803B}"
EndProject
Project("{8BC9CEB8-8B4A-11D0-8D11-00A0C91BC942}") = "Blockapic", "Blockapic\Blockapic.vcxproj", "{F92F66FE-C0E5-4A1E-AD99-623907C8E53D}"
EndProject
Project("{2150E333-8FDC-42A3-9474-1A3956D46DE8}") = "Libraries", "Libraries", "{04305FC1-5244-4A03-82FD-7C1482A7AFF3}"
EndProject
Global
	GlobalSection(SolutionConfigurationPlatforms) = preSolution
		Debug|x64 = Debug|x64
		Debug|x86 = Debug|x86
		Release|x64 = Release|x64
		Release|x86 = Release|x86
	EndGlobalSection
	GlobalSection(ProjectConfigurationPlatforms) = postSolution
		{FD4163B3-0042-4700-9347-6C67EA4CD244}.Debug|x64.ActiveCfg = Debug|x64
		{FD4163B3-0042-4700-9347-6C67EA4CD244}.Debug|x64.Build.0 = Debug|x64
		{FD4163B3-0042-4700-9347-6C67EA4CD244}.Debug|x86.ActiveCfg = Debug|Win32
		{FD4163B3-0042-4700-9347-6C67EA4CD244}.Debug|x86.Build.0 = Debug|Win32
		{FD4163B3-0042-4700-9347-6C67EA4CD244}.Release|x64.ActiveCfg = Release|x64
		{FD4163B3-0042-4700-9347-6C67EA4CD244}.Release|x64.Build.0 = Release|x64
		{FD4163B3-0042-4700-9347-6C67EA4CD244}.Release|x86.ActiveCfg = Release|Win32
		{FD4163B3-0042-4700-9347-6C67EA4CD244}.Release|x86.Build.0 = Release|Win32
		{C34F88E0-BC0B-47D7-8620-E77E0591745C}.Debug|x64.ActiveCfg = Debug|x64
		{C34F88E0-BC0B-47D7-8620-E77E0591745C}.Debug|x64.Build.0 = Debug|x64
		{C34F88E0-BC0B-47D7-8620-E77E0591745C}.Debug|x86.ActiveCfg = Debug|Win32
		{C34F88E0-BC0B-47D7-8620-E77E0591745C}.Debug|x86.Build.0 = Debug|Win32
		{C34F88E0-BC0B-47D7-8620-E77E0591745C}.Release|x64.ActiveCfg = Release|x64
		{C34F88E0-BC0B-47D7-8620-E77E0591745C}.Release|x64.Build.0 = Release|x64
		{C34F88E0-BC0B-47D7-8620-E77E0591745C}.Release|x86.ActiveCfg = Release|Win32
		{C34F88E0-BC0B-47D7-8620-E77E0591745C}.Release|x86.Build.0 = Release|Win32
		{182965E1-6FE1-462E-98A4-65C2D5F3503A}.Debug|x64.ActiveCfg = Debug|x64
		{182965E1-6FE1-462E-98A4-65C2D5F3503A}.Debug|x64.Build.0 = Debug|x64
		{182965E1-6FE1-462E-98A4-65C2D5F3503A}.Debug|x86.ActiveCfg = Debug|Win32
		{182965E1-6FE1-462E-98A4-65C2D5F3503A}.Debug|x86.Build.0 = Debug|Win32
		{182965E1-6FE1-462E-98A4-65C2D5F3503A}.Release|x64.ActiveCfg = Release|x64
		{182965E1-6FE1-462E-98A4-65C2D5F3503A}.Release|x64.Build.0 = Release|x64
		{182965E1-6FE1-462E-98A4-65C2D5F3503A}.Release|x86.ActiveCfg = Release|Win32
		{182965E1-6FE1-462E-98A4-65C2D5F3503A}.Release|x86.Build.0 = Release|Win32
		{A1F38ECD-1ECE-466D-AFD8-A9B752AAC609}.Debug|x64.ActiveCfg = Debug|x64
		{A1F38ECD-1ECE-466D-AFD8-A9B752AAC609}.Debug|x64.Build.0 = Debug|x64
		{A1F38ECD-1ECE-466D-AFD8-A9B752AAC609}.Debug|x86.ActiveCfg = Debug|Win32
		{A1F38ECD-1ECE-466D-AFD8-A9B752AAC609}.Debug|x86.Build.0 = Debug|Win32
		{A1F38ECD-1ECE-466D-AFD8-A9B752AAC609}.Release|x64.ActiveCfg = Release|x64
		{A1F38ECD-1ECE-466D-AFD8-A9B752AAC609}.Release|x64.Build.0 = Release|x64
		{A1F38ECD-1ECE-466D-AFD8-A9B752AAC609}.Release|x86.ActiveCfg = Release|Win32
		{A1F38ECD-1ECE-466D-AFD8-A9B752AAC609}.Release|x86.Build.0 = Release|Win32
		{001E6CB1-0AB4-4C96-B540-468191D879C7}.Debug|x64.ActiveCfg = Debug|x64
		{001E6CB1-0AB4-4C96-B540-468191D879C7}.Debug|x64.Build.0 = Debug|x64
		{001E6CB1-0AB4-4C96-B540-468191D879C7}.Debug|x86.ActiveCfg = Debug|Win32
		{001E6CB1-0AB4-4C96-B540-468191D879C7}.Debug|x86.Build.0 = Debug|Win32
		{001E6CB1-0AB4-4C96-B540-468191D879C7}.Release|x64.ActiveCfg = Release|x64
		{001E6CB1-0AB4-4C96-B540-468191D879C7}.Release|x64.Build.0 = Release|x64
		{001E6CB1-0AB4-4C96-B540-468191D879C7}.Release|x86.ActiveCfg = Release|Win32
		{001E6CB1-0AB4-4C96-B540-468191D879C7}.Release|x86.Build.0 = Release|Win32
		{C0C89693-B9F5-438B-9DB7-20A8A1CD803B}.Debug|x64.ActiveCfg = Debug|x64
		{C0C89693-B9F5-438B-9DB7-20A8A1CD803B}.Debug|x64.Build.0 = Debug|x64
		{C0C89693-B9F5-438B-9DB7-20A8A1CD803B}.Debug|x86.ActiveCfg = Debug|Win32
		{C0C89693-B9F5-438B-9DB7-20A8A1CD803B}.Debug|x86.Build.0 = Debug|Win32
		{C0C89693-B9F5-438B-9DB7-20A8A1CD803B}.Release|x64.ActiveCfg = Release|x64
		{C0C89693-B9F5-438B-9DB7-20A8A1CD803B}.Release|x64.Build.0 = Release|x64
		{C0C89693-B9F5-438B-9DB7-20A8A1CD803B}.Release|x86.ActiveCfg = Release|Win32
		{C0C89693-B9F5-438B-9DB7-20A8A1CD803B}.Release|x86.Build.0 = Release|Win32
		{F92F66FE-C0E5-4A1E-AD99-623907C8E53D}.Debug|x64.ActiveCfg = Debug|x64
		{F92F66FE-C0E5-4A1E-AD99-623907C8E53D}.Debug|x64.Build.0 = Debug|x64
		{F92F66FE-C0E5-4A1E-AD99-623907C8E53D}.Debug|x86.ActiveCfg = Debug|Win32
		{F92F66FE-C0E5-4A1E-AD99-623907C8E53D}.Debug|x86.Build.0 = Debug|Win32
		{F92F66FE-C0E5-4A1E-AD99-623907C8E53D}.Release|x64.ActiveCfg = Release|x64
		{F92F66FE-C0E5-4A1E-AD99-623907C8E53D}.Release|x64.Build.0 = Release|x64
		{F92F66FE-C0E5-4A1E-AD99-623907C8E53D}.Release|x86.ActiveCfg = Release|Win32
		{F92F66FE-C0E5-4A1E-AD99-623907C8E53D}.Release|x86.Build.0 = Release|Win32
	EndGlobalSection
	GlobalSection(SolutionProperties) = preSolution
		HideSolutionNode = FALSE
	EndGlobalSection
	GlobalSection(NestedProjects) = preSolution
		{C34F88E0-BC0B-47D7-8620-E77E0591745C} = {04305FC1-5244-4A03-82FD-7C1482A7AFF3}
		{182965E1-6FE1-462E-98A4-65C2D5F3503A} = {04305FC1-5244-4A03-82FD-7C1482A7AFF3}
		{A1F38ECD-1ECE-466D-AFD8-A9B752AAC609} = {04305FC1-5244-4A03-82FD-7C1482A7AFF3}
		{001E6CB1-0AB4-4C96-B540-468191D879C7} = {04305FC1-5244-4A03-82FD-7C1482A7AFF3}
		{C0C89693-B9F5-438B-9DB7-20A8A1CD803B} = {04305FC1-5244-4A03-82FD-7C1482A7AFF3}
	EndGlobalSection
	GlobalSection(ExtensibilityGlobals) = postSolution
		SolutionGuid = {E3A94FB4-8354-4989-A243-30C2F5908D60}
	EndGlobalSection
EndGlobal
